
Microsoft Visual Studio Solution File, Format Version 12.00
# Visual Studio Version 17
VisualStudioVersion = 17.0.32014.148
MinimumVisualStudioVersion = 10.0.40219.1
Project("{FAE04EC0-301F-11D3-BF4B-00C04F79EFBC}") = "TimeCalculator", "TimeCalculator.csproj", "{70F6CBE6-7291-4F69-9DDE-A01573B536A7}"
EndProject
Global
	GlobalSection(SolutionConfigurationPlatforms) = preSolution
		Debug|Any CPU = Debug|Any CPU
		Release|Any CPU = Release|Any CPU
	EndGlobalSection
	GlobalSection(ProjectConfigurationPlatforms) = postSolution
		{70F6CBE6-7291-4F69-9DDE-A01573B536A7}.Debug|Any CPU.ActiveCfg = Debug|Any CPU
		{70F6CBE6-7291-4F69-9DDE-A01573B536A7}.Debug|Any CPU.Build.0 = Debug|Any CPU
		{70F6CBE6-7291-4F69-9DDE-A01573B536A7}.Release|Any CPU.ActiveCfg = Release|Any CPU
		{70F6CBE6-7291-4F69-9DDE-A01573B536A7}.Release|Any CPU.Build.0 = Release|Any CPU
	EndGlobalSection
	GlobalSection(SolutionProperties) = preSolution
		HideSolutionNode = FALSE
	EndGlobalSection
	GlobalSection(ExtensibilityGlobals) = postSolution
		SolutionGuid = {432C8E18-C504-4B01-A55C-3F15865091C9}
	EndGlobalSection
EndGlobal
